
Microsoft Visual Studio Solution File, Format Version 12.00
# Visual Studio Version 18
VisualStudioVersion = 18.6.11716.218 insiders
MinimumVisualStudioVersion = 10.0.40219.1
Project("{FAE04EC0-301F-11D3-BF4B-00C04F79EFBC}") = "LoxoneBackend", "LoxoneBackend.csproj", "{2677B8A3-E45D-407D-6F16-D2AC45B21497}"
EndProject
Global
	GlobalSection(SolutionConfigurationPlatforms) = preSolution
		Debug|Any CPU = Debug|Any CPU
		Release|Any CPU = Release|Any CPU
	EndGlobalSection
	GlobalSection(ProjectConfigurationPlatforms) = postSolution
		{2677B8A3-E45D-407D-6F16-D2AC45B21497}.Debug|Any CPU.ActiveCfg = Debug|Any CPU
		{2677B8A3-E45D-407D-6F16-D2AC45B21497}.Debug|Any CPU.Build.0 = Debug|Any CPU
		{2677B8A3-E45D-407D-6F16-D2AC45B21497}.Release|Any CPU.ActiveCfg = Release|Any CPU
		{2677B8A3-E45D-407D-6F16-D2AC45B21497}.Release|Any CPU.Build.0 = Release|Any CPU
	EndGlobalSection
	GlobalSection(SolutionProperties) = preSolution
		HideSolutionNode = FALSE
	EndGlobalSection
	GlobalSection(ExtensibilityGlobals) = postSolution
		SolutionGuid = {8B37C546-C386-4654-B478-56463132004B}
	EndGlobalSection
EndGlobal
